
Microsoft Visual Studio Solution File, Format Version 12.00
# Visual Studio Version 16
VisualStudioVersion = 25.0.1706.9
MinimumVisualStudioVersion = 10.0.40219.1
Project("{FAE04EC0-301F-11D3-BF4B-00C04F79EFBC}") = "exercise_1", "exercise_1\exercise_1.csproj", "{04C4E0D6-4B1B-4079-80A7-0573E74C450F}"
EndProject
Global
	GlobalSection(SolutionConfigurationPlatforms) = preSolution
		Debug|Any CPU = Debug|Any CPU
		Release|Any CPU = Release|Any CPU
	EndGlobalSection
	GlobalSection(ProjectConfigurationPlatforms) = postSolution
		{04C4E0D6-4B1B-4079-80A7-0573E74C450F}.Debug|Any CPU.ActiveCfg = Debug|Any CPU
		{04C4E0D6-4B1B-4079-80A7-0573E74C450F}.Debug|Any CPU.Build.0 = Debug|Any CPU
		{04C4E0D6-4B1B-4079-80A7-0573E74C450F}.Release|Any CPU.ActiveCfg = Release|Any CPU
		{04C4E0D6-4B1B-4079-80A7-0573E74C450F}.Release|Any CPU.Build.0 = Release|Any CPU
	EndGlobalSection
	GlobalSection(SolutionProperties) = preSolution
		HideSolutionNode = FALSE
	EndGlobalSection
	GlobalSection(ExtensibilityGlobals) = postSolution
		SolutionGuid = {60912C03-F62B-4EF9-986D-6928128A85BB}
	EndGlobalSection
EndGlobal
